
Microsoft Visual Studio Solution File, Format Version 12.00
# Visual Studio Version 16
VisualStudioVersion = 16.0.31829.152
MinimumVisualStudioVersion = 10.0.40219.1
Project("{FAE04EC0-301F-11D3-BF4B-00C04F79EFBC}") = "Datos", "Datos\Datos.csproj", "{9D0D44B7-1692-460E-B85C-A30DE7E33A8B}"
EndProject
Project("{FAE04EC0-301F-11D3-BF4B-00C04F79EFBC}") = "Entidades", "Entidades\Entidades.csproj", "{21183354-588D-471A-8D4D-E05C52A6CF1F}"
EndProject
Project("{FAE04EC0-301F-11D3-BF4B-00C04F79EFBC}") = "Logica", "Logica\Logica.csproj", "{E73B3E26-D1FF-45A0-B961-C089C134DEC3}"
EndProject
Project("{FAE04EC0-301F-11D3-BF4B-00C04F79EFBC}") = "Escritorio", "Escritorio\Escritorio.csproj", "{F7A19A4F-43C6-4C27-A2A1-6F9D7D99F58E}"
EndProject
Project("{FAE04EC0-301F-11D3-BF4B-00C04F79EFBC}") = "WCFServiciosApp", "WCFServiciosApp\WCFServiciosApp.csproj", "{60A99A93-E6A4-4C54-A1DF-6FE1030BE1B5}"
EndProject
Global
	GlobalSection(SolutionConfigurationPlatforms) = preSolution
		Debug|Any CPU = Debug|Any CPU
		Release|Any CPU = Release|Any CPU
	EndGlobalSection
	GlobalSection(ProjectConfigurationPlatforms) = postSolution
		{9D0D44B7-1692-460E-B85C-A30DE7E33A8B}.Debug|Any CPU.ActiveCfg = Debug|Any CPU
		{9D0D44B7-1692-460E-B85C-A30DE7E33A8B}.Debug|Any CPU.Build.0 = Debug|Any CPU
		{9D0D44B7-1692-460E-B85C-A30DE7E33A8B}.Release|Any CPU.ActiveCfg = Release|Any CPU
		{9D0D44B7-1692-460E-B85C-A30DE7E33A8B}.Release|Any CPU.Build.0 = Release|Any CPU
		{21183354-588D-471A-8D4D-E05C52A6CF1F}.Debug|Any CPU.ActiveCfg = Debug|Any CPU
		{21183354-588D-471A-8D4D-E05C52A6CF1F}.Debug|Any CPU.Build.0 = Debug|Any CPU
		{21183354-588D-471A-8D4D-E05C52A6CF1F}.Release|Any CPU.ActiveCfg = Release|Any CPU
		{21183354-588D-471A-8D4D-E05C52A6CF1F}.Release|Any CPU.Build.0 = Release|Any CPU
		{E73B3E26-D1FF-45A0-B961-C089C134DEC3}.Debug|Any CPU.ActiveCfg = Debug|Any CPU
		{E73B3E26-D1FF-45A0-B961-C089C134DEC3}.Debug|Any CPU.Build.0 = Debug|Any CPU
		{E73B3E26-D1FF-45A0-B961-C089C134DEC3}.Release|Any CPU.ActiveCfg = Release|Any CPU
		{E73B3E26-D1FF-45A0-B961-C089C134DEC3}.Release|Any CPU.Build.0 = Release|Any CPU
		{F7A19A4F-43C6-4C27-A2A1-6F9D7D99F58E}.Debug|Any CPU.ActiveCfg = Debug|Any CPU
		{F7A19A4F-43C6-4C27-A2A1-6F9D7D99F58E}.Debug|Any CPU.Build.0 = Debug|Any CPU
		{F7A19A4F-43C6-4C27-A2A1-6F9D7D99F58E}.Release|Any CPU.ActiveCfg = Release|Any CPU
		{F7A19A4F-43C6-4C27-A2A1-6F9D7D99F58E}.Release|Any CPU.Build.0 = Release|Any CPU
		{60A99A93-E6A4-4C54-A1DF-6FE1030BE1B5}.Debug|Any CPU.ActiveCfg = Debug|Any CPU
		{60A99A93-E6A4-4C54-A1DF-6FE1030BE1B5}.Debug|Any CPU.Build.0 = Debug|Any CPU
		{60A99A93-E6A4-4C54-A1DF-6FE1030BE1B5}.Release|Any CPU.ActiveCfg = Release|Any CPU
		{60A99A93-E6A4-4C54-A1DF-6FE1030BE1B5}.Release|Any CPU.Build.0 = Release|Any CPU
	EndGlobalSection
	GlobalSection(SolutionProperties) = preSolution
		HideSolutionNode = FALSE
	EndGlobalSection
	GlobalSection(ExtensibilityGlobals) = postSolution
		SolutionGuid = {5B2882BE-492E-42D0-B56E-94C3AF0CEBB5}
	EndGlobalSection
EndGlobal
